
Microsoft Visual Studio Solution File, Format Version 12.00
# Visual Studio Version 17
VisualStudioVersion = 17.11.35219.272
MinimumVisualStudioVersion = 10.0.40219.1
Project("{FAE04EC0-301F-11D3-BF4B-00C04F79EFBC}") = "HelloWorldApp", "HelloWorldApp\HelloWorldApp.csproj", "{F1531DE4-0BFC-4266-B2F9-2CDC2688BAE4}"
EndProject
Project("{FAE04EC0-301F-11D3-BF4B-00C04F79EFBC}") = "HelloWorldApp.Client", "HelloWorldApp.Client\HelloWorldApp.Client.csproj", "{1C98DCAB-F81E-4096-BFFE-8F3B37D04CF8}"
EndProject
Global
	GlobalSection(SolutionConfigurationPlatforms) = preSolution
		Debug|Any CPU = Debug|Any CPU
		Release|Any CPU = Release|Any CPU
	EndGlobalSection
	GlobalSection(ProjectConfigurationPlatforms) = postSolution
		{F1531DE4-0BFC-4266-B2F9-2CDC2688BAE4}.Debug|Any CPU.ActiveCfg = Debug|Any CPU
		{F1531DE4-0BFC-4266-B2F9-2CDC2688BAE4}.Debug|Any CPU.Build.0 = Debug|Any CPU
		{F1531DE4-0BFC-4266-B2F9-2CDC2688BAE4}.Release|Any CPU.ActiveCfg = Release|Any CPU
		{F1531DE4-0BFC-4266-B2F9-2CDC2688BAE4}.Release|Any CPU.Build.0 = Release|Any CPU
		{1C98DCAB-F81E-4096-BFFE-8F3B37D04CF8}.Debug|Any CPU.ActiveCfg = Debug|Any CPU
		{1C98DCAB-F81E-4096-BFFE-8F3B37D04CF8}.Debug|Any CPU.Build.0 = Debug|Any CPU
		{1C98DCAB-F81E-4096-BFFE-8F3B37D04CF8}.Release|Any CPU.ActiveCfg = Release|Any CPU
		{1C98DCAB-F81E-4096-BFFE-8F3B37D04CF8}.Release|Any CPU.Build.0 = Release|Any CPU
	EndGlobalSection
	GlobalSection(SolutionProperties) = preSolution
		HideSolutionNode = FALSE
	EndGlobalSection
	GlobalSection(ExtensibilityGlobals) = postSolution
		SolutionGuid = {EEC439A3-6CC4-405D-80C6-C62C5A785B86}
	EndGlobalSection
EndGlobal
